
Microsoft Visual Studio Solution File, Format Version 12.00
# Visual Studio Version 16
VisualStudioVersion = 16.0.30309.148
MinimumVisualStudioVersion = 10.0.40219.1
Project("{FAE04EC0-301F-11D3-BF4B-00C04F79EFBC}") = "WebApplication15", "WebApplication15.csproj", "{FD879BE6-8F4B-4A07-99B3-3CF05C082E61}"
EndProject
Global
	GlobalSection(SolutionConfigurationPlatforms) = preSolution
		Debug|Any CPU = Debug|Any CPU
		Release|Any CPU = Release|Any CPU
	EndGlobalSection
	GlobalSection(ProjectConfigurationPlatforms) = postSolution
		{FD879BE6-8F4B-4A07-99B3-3CF05C082E61}.Debug|Any CPU.ActiveCfg = Debug|Any CPU
		{FD879BE6-8F4B-4A07-99B3-3CF05C082E61}.Debug|Any CPU.Build.0 = Debug|Any CPU
		{FD879BE6-8F4B-4A07-99B3-3CF05C082E61}.Release|Any CPU.ActiveCfg = Release|Any CPU
		{FD879BE6-8F4B-4A07-99B3-3CF05C082E61}.Release|Any CPU.Build.0 = Release|Any CPU
	EndGlobalSection
	GlobalSection(SolutionProperties) = preSolution
		HideSolutionNode = FALSE
	EndGlobalSection
	GlobalSection(ExtensibilityGlobals) = postSolution
		SolutionGuid = {33CA90ED-F2F8-4149-BB32-6EB53BC5D94E}
	EndGlobalSection
EndGlobal
